
Microsoft Visual Studio Solution File, Format Version 12.00
# Visual Studio Version 16
VisualStudioVersion = 16.0.29926.136
MinimumVisualStudioVersion = 10.0.40219.1
Project("{9A19103F-16F7-4668-BE54-9A1E7A4F7556}") = "ItLabs.MultiTenant.Api", "ItLabs.MultiTenant.Api\ItLabs.MultiTenant.Api.csproj", "{0FD05804-A2A3-4D0C-97D3-2CFE799414E2}"
EndProject
Project("{9A19103F-16F7-4668-BE54-9A1E7A4F7556}") = "ItLabs.MultiTenant.Core", "ItLabs.MultiTenant.Core\ItLabs.MultiTenant.Core.csproj", "{68921654-CCEE-4A3F-9B36-DD036E99B418}"
EndProject
Global
	GlobalSection(SolutionConfigurationPlatforms) = preSolution
		Debug|Any CPU = Debug|Any CPU
		Release|Any CPU = Release|Any CPU
	EndGlobalSection
	GlobalSection(ProjectConfigurationPlatforms) = postSolution
		{0FD05804-A2A3-4D0C-97D3-2CFE799414E2}.Debug|Any CPU.ActiveCfg = Debug|Any CPU
		{0FD05804-A2A3-4D0C-97D3-2CFE799414E2}.Debug|Any CPU.Build.0 = Debug|Any CPU
		{0FD05804-A2A3-4D0C-97D3-2CFE799414E2}.Release|Any CPU.ActiveCfg = Release|Any CPU
		{0FD05804-A2A3-4D0C-97D3-2CFE799414E2}.Release|Any CPU.Build.0 = Release|Any CPU
		{68921654-CCEE-4A3F-9B36-DD036E99B418}.Debug|Any CPU.ActiveCfg = Debug|Any CPU
		{68921654-CCEE-4A3F-9B36-DD036E99B418}.Debug|Any CPU.Build.0 = Debug|Any CPU
		{68921654-CCEE-4A3F-9B36-DD036E99B418}.Release|Any CPU.ActiveCfg = Release|Any CPU
		{68921654-CCEE-4A3F-9B36-DD036E99B418}.Release|Any CPU.Build.0 = Release|Any CPU
	EndGlobalSection
	GlobalSection(SolutionProperties) = preSolution
		HideSolutionNode = FALSE
	EndGlobalSection
	GlobalSection(ExtensibilityGlobals) = postSolution
		SolutionGuid = {F6753B3B-4D99-47FE-9A32-40A1F21C6147}
	EndGlobalSection
EndGlobal
